
Microsoft Visual Studio Solution File, Format Version 12.00
# Visual Studio 15
VisualStudioVersion = 15.0.28010.2003
MinimumVisualStudioVersion = 10.0.40219.1
Project("{9A19103F-16F7-4668-BE54-9A1E7A4F7556}") = "TaskManager.WebApi", "TaskManager.WebApi\TaskManager.WebApi.csproj", "{769ED373-B152-4396-9677-E5F94FA97F1D}"
EndProject
Project("{9A19103F-16F7-4668-BE54-9A1E7A4F7556}") = "TaskManager.Entities", "TaskManager.Entities\TaskManager.Entities.csproj", "{E6C31B3C-D94E-4C9C-80E0-6E19933F1BE8}"
EndProject
Project("{9A19103F-16F7-4668-BE54-9A1E7A4F7556}") = "TaskManager.Data", "TaskManager.Data\TaskManager.Data.csproj", "{98675445-6471-4C23-BD2C-A78C76CADD34}"
EndProject
Project("{9A19103F-16F7-4668-BE54-9A1E7A4F7556}") = "TaskManager.Common", "TaskManager.Common\TaskManager.Common.csproj", "{0F321E10-47EF-4E4C-ABC9-1FD13F6E79C2}"
EndProject
Project("{FAE04EC0-301F-11D3-BF4B-00C04F79EFBC}") = "TaskManager.Tests.Unit", "TaskManager.Tests.Unit\TaskManager.Tests.Unit.csproj", "{A7FF8E8F-6BAE-4880-80E1-C001F9771BEF}"
EndProject
Global
	GlobalSection(SolutionConfigurationPlatforms) = preSolution
		Debug|Any CPU = Debug|Any CPU
		Release|Any CPU = Release|Any CPU
	EndGlobalSection
	GlobalSection(ProjectConfigurationPlatforms) = postSolution
		{769ED373-B152-4396-9677-E5F94FA97F1D}.Debug|Any CPU.ActiveCfg = Debug|Any CPU
		{769ED373-B152-4396-9677-E5F94FA97F1D}.Debug|Any CPU.Build.0 = Debug|Any CPU
		{769ED373-B152-4396-9677-E5F94FA97F1D}.Release|Any CPU.ActiveCfg = Release|Any CPU
		{769ED373-B152-4396-9677-E5F94FA97F1D}.Release|Any CPU.Build.0 = Release|Any CPU
		{E6C31B3C-D94E-4C9C-80E0-6E19933F1BE8}.Debug|Any CPU.ActiveCfg = Debug|Any CPU
		{E6C31B3C-D94E-4C9C-80E0-6E19933F1BE8}.Debug|Any CPU.Build.0 = Debug|Any CPU
		{E6C31B3C-D94E-4C9C-80E0-6E19933F1BE8}.Release|Any CPU.ActiveCfg = Release|Any CPU
		{E6C31B3C-D94E-4C9C-80E0-6E19933F1BE8}.Release|Any CPU.Build.0 = Release|Any CPU
		{98675445-6471-4C23-BD2C-A78C76CADD34}.Debug|Any CPU.ActiveCfg = Debug|Any CPU
		{98675445-6471-4C23-BD2C-A78C76CADD34}.Debug|Any CPU.Build.0 = Debug|Any CPU
		{98675445-6471-4C23-BD2C-A78C76CADD34}.Release|Any CPU.ActiveCfg = Release|Any CPU
		{98675445-6471-4C23-BD2C-A78C76CADD34}.Release|Any CPU.Build.0 = Release|Any CPU
		{0F321E10-47EF-4E4C-ABC9-1FD13F6E79C2}.Debug|Any CPU.ActiveCfg = Debug|Any CPU
		{0F321E10-47EF-4E4C-ABC9-1FD13F6E79C2}.Debug|Any CPU.Build.0 = Debug|Any CPU
		{0F321E10-47EF-4E4C-ABC9-1FD13F6E79C2}.Release|Any CPU.ActiveCfg = Release|Any CPU
		{0F321E10-47EF-4E4C-ABC9-1FD13F6E79C2}.Release|Any CPU.Build.0 = Release|Any CPU
		{A7FF8E8F-6BAE-4880-80E1-C001F9771BEF}.Debug|Any CPU.ActiveCfg = Debug|Any CPU
		{A7FF8E8F-6BAE-4880-80E1-C001F9771BEF}.Debug|Any CPU.Build.0 = Debug|Any CPU
		{A7FF8E8F-6BAE-4880-80E1-C001F9771BEF}.Release|Any CPU.ActiveCfg = Release|Any CPU
		{A7FF8E8F-6BAE-4880-80E1-C001F9771BEF}.Release|Any CPU.Build.0 = Release|Any CPU
	EndGlobalSection
	GlobalSection(SolutionProperties) = preSolution
		HideSolutionNode = FALSE
	EndGlobalSection
	GlobalSection(ExtensibilityGlobals) = postSolution
		SolutionGuid = {60AF033D-0180-4144-A238-A31DE06F907E}
	EndGlobalSection
EndGlobal
